// !$*UTF8*$!
{
	archiveVersion = 1;
	classes = {
	};
	objectVersion = 50;
	objects = {

/* Begin PBXBuildFile section */
		35025B8B2375345800A4A81E /* AppDelegate.swift in Sources */ = {isa = PBXBuildFile; fileRef = 35025B8A2375345800A4A81E /* AppDelegate.swift */; };
		35025B922375345800A4A81E /* Main.storyboard in Resources */ = {isa = PBXBuildFile; fileRef = 35025B902375345800A4A81E /* Main.storyboard */; };
		35025B942375345900A4A81E /* Assets.xcassets in Resources */ = {isa = PBXBuildFile; fileRef = 35025B932375345900A4A81E /* Assets.xcassets */; };
		35025B972375345900A4A81E /* LaunchScreen.storyboard in Resources */ = {isa = PBXBuildFile; fileRef = 35025B952375345900A4A81E /* LaunchScreen.storyboard */; };
		35025BAE2375368A00A4A81E /* CommonViewController.swift in Sources */ = {isa = PBXBuildFile; fileRef = 35025BAD2375368A00A4A81E /* CommonViewController.swift */; };
		35025BB1237538D900A4A81E /* Observable.swift in Sources */ = {isa = PBXBuildFile; fileRef = 35025BB0237538D900A4A81E /* Observable.swift */; };
		35025BB4237539B400A4A81E /* ApplicationDeps.swift in Sources */ = {isa = PBXBuildFile; fileRef = 35025BB3237539B400A4A81E /* ApplicationDeps.swift */; };
		35025BC123753D8300A4A81E /* RandomMemeQuoteViewModel.swift in Sources */ = {isa = PBXBuildFile; fileRef = 35025BC023753D8300A4A81E /* RandomMemeQuoteViewModel.swift */; };
		35025BC323753D9200A4A81E /* RandomMemeQuoteViewController.swift in Sources */ = {isa = PBXBuildFile; fileRef = 35025BC223753D9200A4A81E /* RandomMemeQuoteViewController.swift */; };
		35025BCC237540BA00A4A81E /* NetworkServiceError.swift in Sources */ = {isa = PBXBuildFile; fileRef = 35025BC8237540BA00A4A81E /* NetworkServiceError.swift */; };
		35025BCD237540BA00A4A81E /* NetworkManager.swift in Sources */ = {isa = PBXBuildFile; fileRef = 35025BC9237540BA00A4A81E /* NetworkManager.swift */; };
		35025BCE237540BA00A4A81E /* NetworkService.swift in Sources */ = {isa = PBXBuildFile; fileRef = 35025BCA237540BA00A4A81E /* NetworkService.swift */; };
		35025BCF237540BA00A4A81E /* ApiRequest.swift in Sources */ = {isa = PBXBuildFile; fileRef = 35025BCB237540BA00A4A81E /* ApiRequest.swift */; };
		35025BD42375413100A4A81E /* TagsListModel.swift in Sources */ = {isa = PBXBuildFile; fileRef = 35025BD12375413100A4A81E /* TagsListModel.swift */; };
		35025BD52375413100A4A81E /* QuotesListModel.swift in Sources */ = {isa = PBXBuildFile; fileRef = 35025BD22375413100A4A81E /* QuotesListModel.swift */; };
		35025BD62375413100A4A81E /* SearchQuotesListModel.swift in Sources */ = {isa = PBXBuildFile; fileRef = 35025BD32375413100A4A81E /* SearchQuotesListModel.swift */; };
		35025BD82375433300A4A81E /* WeakObjectCollection.swift in Sources */ = {isa = PBXBuildFile; fileRef = 35025BD72375433300A4A81E /* WeakObjectCollection.swift */; };
		35025BDA237556A200A4A81E /* AppCoordinator.swift in Sources */ = {isa = PBXBuildFile; fileRef = 35025BD9237556A200A4A81E /* AppCoordinator.swift */; };
		35FC1FEF2376D0B100E35CFD /* ApplicationModelsState.swift in Sources */ = {isa = PBXBuildFile; fileRef = 35FC1FEE2376D0B100E35CFD /* ApplicationModelsState.swift */; };
		35FC20072378221600E35CFD /* SearchQuoteViewModel.swift in Sources */ = {isa = PBXBuildFile; fileRef = 35FC20062378221600E35CFD /* SearchQuoteViewModel.swift */; };
		35FC200B237847D400E35CFD /* SearchViewController.swift in Sources */ = {isa = PBXBuildFile; fileRef = 35FC200A237847D400E35CFD /* SearchViewController.swift */; };
		35FC200E237853B000E35CFD /* QuoteTableViewCell.swift in Sources */ = {isa = PBXBuildFile; fileRef = 35FC200D237853B000E35CFD /* QuoteTableViewCell.swift */; };
		35FC201223786A2A00E35CFD /* TagsListViewController.swift in Sources */ = {isa = PBXBuildFile; fileRef = 35FC201123786A2A00E35CFD /* TagsListViewController.swift */; };
		35FC201423786A4700E35CFD /* TagsListViewModel.swift in Sources */ = {isa = PBXBuildFile; fileRef = 35FC201323786A4700E35CFD /* TagsListViewModel.swift */; };
		35FC201623786DAD00E35CFD /* TagTableViewCell.swift in Sources */ = {isa = PBXBuildFile; fileRef = 35FC201523786DAD00E35CFD /* TagTableViewCell.swift */; };
		35FC20192378818F00E35CFD /* QuotesListViewController.swift in Sources */ = {isa = PBXBuildFile; fileRef = 35FC20182378818F00E35CFD /* QuotesListViewController.swift */; };
		35FC201B237881B000E35CFD /* QuotesListViewModel.swift in Sources */ = {isa = PBXBuildFile; fileRef = 35FC201A237881B000E35CFD /* QuotesListViewModel.swift */; };
		35FC201D237924DF00E35CFD /* FindedQuoteTableViewCell.swift in Sources */ = {isa = PBXBuildFile; fileRef = 35FC201C237924DF00E35CFD /* FindedQuoteTableViewCell.swift */; };
		35FC2029237928AB00E35CFD /* TronaldTests.swift in Sources */ = {isa = PBXBuildFile; fileRef = 35FC2028237928AB00E35CFD /* TronaldTests.swift */; };
		35FC203323792A6100E35CFD /* quotes.json in Resources */ = {isa = PBXBuildFile; fileRef = 35FC203123792A6100E35CFD /* quotes.json */; };
		35FC203423792A6100E35CFD /* tags.json in Resources */ = {isa = PBXBuildFile; fileRef = 35FC203223792A6100E35CFD /* tags.json */; };
		35FC2036237963EB00E35CFD /* StringProtocolExtension.swift in Sources */ = {isa = PBXBuildFile; fileRef = 35FC2035237963EB00E35CFD /* StringProtocolExtension.swift */; };
/* End PBXBuildFile section */

/* Begin PBXContainerItemProxy section */
		35FC202B237928AB00E35CFD /* PBXContainerItemProxy */ = {
			isa = PBXContainerItemProxy;
			containerPortal = 35025B7F2375345800A4A81E /* Project object */;
			proxyType = 1;
			remoteGlobalIDString = 35025B862375345800A4A81E;
			remoteInfo = Tronald;
		};
/* End PBXContainerItemProxy section */

/* Begin PBXFileReference section */
		35025B872375345800A4A81E /* Tronald.app */ = {isa = PBXFileReference; explicitFileType = wrapper.application; includeInIndex = 0; path = Tronald.app; sourceTree = BUILT_PRODUCTS_DIR; };
		35025B8A2375345800A4A81E /* AppDelegate.swift */ = {isa = PBXFileReference; lastKnownFileType = sourcecode.swift; path = AppDelegate.swift; sourceTree = "<group>"; };
		35025B912375345800A4A81E /* Base */ = {isa = PBXFileReference; lastKnownFileType = file.storyboard; name = Base; path = Base.lproj/Main.storyboard; sourceTree = "<group>"; };
		35025B932375345900A4A81E /* Assets.xcassets */ = {isa = PBXFileReference; lastKnownFileType = folder.assetcatalog; path = Assets.xcassets; sourceTree = "<group>"; };
		35025B962375345900A4A81E /* Base */ = {isa = PBXFileReference; lastKnownFileType = file.storyboard; name = Base; path = Base.lproj/LaunchScreen.storyboard; sourceTree = "<group>"; };
		35025B982375345900A4A81E /* Info.plist */ = {isa = PBXFileReference; lastKnownFileType = text.plist.xml; path = Info.plist; sourceTree = "<group>"; };
		35025BAD2375368A00A4A81E /* CommonViewController.swift */ = {isa = PBXFileReference; lastKnownFileType = sourcecode.swift; path = CommonViewController.swift; sourceTree = "<group>"; };
		35025BB0237538D900A4A81E /* Observable.swift */ = {isa = PBXFileReference; fileEncoding = 4; lastKnownFileType = sourcecode.swift; path = Observable.swift; sourceTree = "<group>"; };
		35025BB3237539B400A4A81E /* ApplicationDeps.swift */ = {isa = PBXFileReference; lastKnownFileType = sourcecode.swift; path = ApplicationDeps.swift; sourceTree = "<group>"; };
		35025BC023753D8300A4A81E /* RandomMemeQuoteViewModel.swift */ = {isa = PBXFileReference; lastKnownFileType = sourcecode.swift; path = RandomMemeQuoteViewModel.swift; sourceTree = "<group>"; };
		35025BC223753D9200A4A81E /* RandomMemeQuoteViewController.swift */ = {isa = PBXFileReference; lastKnownFileType = sourcecode.swift; path = RandomMemeQuoteViewController.swift; sourceTree = "<group>"; };
		35025BC8237540BA00A4A81E /* NetworkServiceError.swift */ = {isa = PBXFileReference; fileEncoding = 4; lastKnownFileType = sourcecode.swift; path = NetworkServiceError.swift; sourceTree = "<group>"; };
		35025BC9237540BA00A4A81E /* NetworkManager.swift */ = {isa = PBXFileReference; fileEncoding = 4; lastKnownFileType = sourcecode.swift; path = NetworkManager.swift; sourceTree = "<group>"; };
		35025BCA237540BA00A4A81E /* NetworkService.swift */ = {isa = PBXFileReference; fileEncoding = 4; lastKnownFileType = sourcecode.swift; path = NetworkService.swift; sourceTree = "<group>"; };
		35025BCB237540BA00A4A81E /* ApiRequest.swift */ = {isa = PBXFileReference; fileEncoding = 4; lastKnownFileType = sourcecode.swift; path = ApiRequest.swift; sourceTree = "<group>"; };
		35025BD12375413100A4A81E /* TagsListModel.swift */ = {isa = PBXFileReference; fileEncoding = 4; lastKnownFileType = sourcecode.swift; path = TagsListModel.swift; sourceTree = "<group>"; };
		35025BD22375413100A4A81E /* QuotesListModel.swift */ = {isa = PBXFileReference; fileEncoding = 4; lastKnownFileType = sourcecode.swift; path = QuotesListModel.swift; sourceTree = "<group>"; };
		35025BD32375413100A4A81E /* SearchQuotesListModel.swift */ = {isa = PBXFileReference; fileEncoding = 4; lastKnownFileType = sourcecode.swift; path = SearchQuotesListModel.swift; sourceTree = "<group>"; };
		35025BD72375433300A4A81E /* WeakObjectCollection.swift */ = {isa = PBXFileReference; fileEncoding = 4; lastKnownFileType = sourcecode.swift; path = WeakObjectCollection.swift; sourceTree = "<group>"; };
		35025BD9237556A200A4A81E /* AppCoordinator.swift */ = {isa = PBXFileReference; lastKnownFileType = sourcecode.swift; path = AppCoordinator.swift; sourceTree = "<group>"; };
		35FC1FEE2376D0B100E35CFD /* ApplicationModelsState.swift */ = {isa = PBXFileReference; lastKnownFileType = sourcecode.swift; path = ApplicationModelsState.swift; sourceTree = "<group>"; };
		35FC20062378221600E35CFD /* SearchQuoteViewModel.swift */ = {isa = PBXFileReference; lastKnownFileType = sourcecode.swift; path = SearchQuoteViewModel.swift; sourceTree = "<group>"; };
		35FC200A237847D400E35CFD /* SearchViewController.swift */ = {isa = PBXFileReference; lastKnownFileType = sourcecode.swift; path = SearchViewController.swift; sourceTree = "<group>"; };
		35FC200D237853B000E35CFD /* QuoteTableViewCell.swift */ = {isa = PBXFileReference; lastKnownFileType = sourcecode.swift; path = QuoteTableViewCell.swift; sourceTree = "<group>"; };
		35FC201123786A2A00E35CFD /* TagsListViewController.swift */ = {isa = PBXFileReference; lastKnownFileType = sourcecode.swift; path = TagsListViewController.swift; sourceTree = "<group>"; };
		35FC201323786A4700E35CFD /* TagsListViewModel.swift */ = {isa = PBXFileReference; lastKnownFileType = sourcecode.swift; path = TagsListViewModel.swift; sourceTree = "<group>"; };
		35FC201523786DAD00E35CFD /* TagTableViewCell.swift */ = {isa = PBXFileReference; lastKnownFileType = sourcecode.swift; path = TagTableViewCell.swift; sourceTree = "<group>"; };
		35FC20182378818F00E35CFD /* QuotesListViewController.swift */ = {isa = PBXFileReference; lastKnownFileType = sourcecode.swift; path = QuotesListViewController.swift; sourceTree = "<group>"; };
		35FC201A237881B000E35CFD /* QuotesListViewModel.swift */ = {isa = PBXFileReference; lastKnownFileType = sourcecode.swift; path = QuotesListViewModel.swift; sourceTree = "<group>"; };
		35FC201C237924DF00E35CFD /* FindedQuoteTableViewCell.swift */ = {isa = PBXFileReference; lastKnownFileType = sourcecode.swift; path = FindedQuoteTableViewCell.swift; sourceTree = "<group>"; };
		35FC2026237928AB00E35CFD /* TronaldTests.xctest */ = {isa = PBXFileReference; explicitFileType = wrapper.cfbundle; includeInIndex = 0; path = TronaldTests.xctest; sourceTree = BUILT_PRODUCTS_DIR; };
		35FC2028237928AB00E35CFD /* TronaldTests.swift */ = {isa = PBXFileReference; lastKnownFileType = sourcecode.swift; path = TronaldTests.swift; sourceTree = "<group>"; };
		35FC202A237928AB00E35CFD /* Info.plist */ = {isa = PBXFileReference; lastKnownFileType = text.plist.xml; path = Info.plist; sourceTree = "<group>"; };
		35FC203123792A6100E35CFD /* quotes.json */ = {isa = PBXFileReference; fileEncoding = 4; lastKnownFileType = text.json; path = quotes.json; sourceTree = "<group>"; };
		35FC203223792A6100E35CFD /* tags.json */ = {isa = PBXFileReference; fileEncoding = 4; lastKnownFileType = text.json; path = tags.json; sourceTree = "<group>"; };
		35FC2035237963EB00E35CFD /* StringProtocolExtension.swift */ = {isa = PBXFileReference; lastKnownFileType = sourcecode.swift; path = StringProtocolExtension.swift; sourceTree = "<group>"; };
/* End PBXFileReference section */

/* Begin PBXFrameworksBuildPhase section */
		35025B842375345800A4A81E /* Frameworks */ = {
			isa = PBXFrameworksBuildPhase;
			buildActionMask = 2147483647;
			files = (
			);
			runOnlyForDeploymentPostprocessing = 0;
		};
		35FC2023237928AB00E35CFD /* Frameworks */ = {
			isa = PBXFrameworksBuildPhase;
			buildActionMask = 2147483647;
			files = (
			);
			runOnlyForDeploymentPostprocessing = 0;
		};
/* End PBXFrameworksBuildPhase section */

/* Begin PBXGroup section */
		35025B7E2375345800A4A81E = {
			isa = PBXGroup;
			children = (
				35025B892375345800A4A81E /* Tronald */,
				35FC2027237928AB00E35CFD /* TronaldTests */,
				35025B882375345800A4A81E /* Products */,
			);
			sourceTree = "<group>";
		};
		35025B882375345800A4A81E /* Products */ = {
			isa = PBXGroup;
			children = (
				35025B872375345800A4A81E /* Tronald.app */,
				35FC2026237928AB00E35CFD /* TronaldTests.xctest */,
			);
			name = Products;
			sourceTree = "<group>";
		};
		35025B892375345800A4A81E /* Tronald */ = {
			isa = PBXGroup;
			children = (
				35FC200C2378538400E35CFD /* Views */,
				35025BD02375413100A4A81E /* Models */,
				35025BC62375409C00A4A81E /* Services */,
				35025BB823753C0100A4A81E /* Controllers */,
				35025BB2237539A400A4A81E /* Application */,
				35025BAF237538B100A4A81E /* Helpers */,
				35025BAC2375367900A4A81E /* Base */,
				35025B8A2375345800A4A81E /* AppDelegate.swift */,
				35025B902375345800A4A81E /* Main.storyboard */,
				35025B932375345900A4A81E /* Assets.xcassets */,
				35025B952375345900A4A81E /* LaunchScreen.storyboard */,
				35025B982375345900A4A81E /* Info.plist */,
			);
			path = Tronald;
			sourceTree = "<group>";
		};
		35025BAC2375367900A4A81E /* Base */ = {
			isa = PBXGroup;
			children = (
				35025BAD2375368A00A4A81E /* CommonViewController.swift */,
			);
			path = Base;
			sourceTree = "<group>";
		};
		35025BAF237538B100A4A81E /* Helpers */ = {
			isa = PBXGroup;
			children = (
				35025BD72375433300A4A81E /* WeakObjectCollection.swift */,
				35025BB0237538D900A4A81E /* Observable.swift */,
				35FC2035237963EB00E35CFD /* StringProtocolExtension.swift */,
			);
			path = Helpers;
			sourceTree = "<group>";
		};
		35025BB2237539A400A4A81E /* Application */ = {
			isa = PBXGroup;
			children = (
				35025BB3237539B400A4A81E /* ApplicationDeps.swift */,
				35FC1FEE2376D0B100E35CFD /* ApplicationModelsState.swift */,
			);
			path = Application;
			sourceTree = "<group>";
		};
		35025BB823753C0100A4A81E /* Controllers */ = {
			isa = PBXGroup;
			children = (
				35FC20172378817700E35CFD /* Quotes */,
				35FC20052378219B00E35CFD /* Tags */,
				35FC20042378218A00E35CFD /* Search */,
				35025BBD23753D4B00A4A81E /* Random */,
			);
			path = Controllers;
			sourceTree = "<group>";
		};
		35025BBD23753D4B00A4A81E /* Random */ = {
			isa = PBXGroup;
			children = (
				35025BC023753D8300A4A81E /* RandomMemeQuoteViewModel.swift */,
				35025BC223753D9200A4A81E /* RandomMemeQuoteViewController.swift */,
			);
			path = Random;
			sourceTree = "<group>";
		};
		35025BC62375409C00A4A81E /* Services */ = {
			isa = PBXGroup;
			children = (
				35025BC7237540BA00A4A81E /* Network */,
				35025BD9237556A200A4A81E /* AppCoordinator.swift */,
			);
			path = Services;
			sourceTree = "<group>";
		};
		35025BC7237540BA00A4A81E /* Network */ = {
			isa = PBXGroup;
			children = (
				35025BC8237540BA00A4A81E /* NetworkServiceError.swift */,
				35025BC9237540BA00A4A81E /* NetworkManager.swift */,
				35025BCA237540BA00A4A81E /* NetworkService.swift */,
				35025BCB237540BA00A4A81E /* ApiRequest.swift */,
			);
			path = Network;
			sourceTree = "<group>";
		};
		35025BD02375413100A4A81E /* Models */ = {
			isa = PBXGroup;
			children = (
				35025BD12375413100A4A81E /* TagsListModel.swift */,
				35025BD22375413100A4A81E /* QuotesListModel.swift */,
				35025BD32375413100A4A81E /* SearchQuotesListModel.swift */,
			);
			path = Models;
			sourceTree = "<group>";
		};
		35FC20042378218A00E35CFD /* Search */ = {
			isa = PBXGroup;
			children = (
				35FC20062378221600E35CFD /* SearchQuoteViewModel.swift */,
				35FC200A237847D400E35CFD /* SearchViewController.swift */,
			);
			path = Search;
			sourceTree = "<group>";
		};
		35FC20052378219B00E35CFD /* Tags */ = {
			isa = PBXGroup;
			children = (
				35FC201123786A2A00E35CFD /* TagsListViewController.swift */,
				35FC201323786A4700E35CFD /* TagsListViewModel.swift */,
			);
			path = Tags;
			sourceTree = "<group>";
		};
		35FC200C2378538400E35CFD /* Views */ = {
			isa = PBXGroup;
			children = (
				35FC200D237853B000E35CFD /* QuoteTableViewCell.swift */,
				35FC201523786DAD00E35CFD /* TagTableViewCell.swift */,
				35FC201C237924DF00E35CFD /* FindedQuoteTableViewCell.swift */,
			);
			path = Views;
			sourceTree = "<group>";
		};
		35FC20172378817700E35CFD /* Quotes */ = {
			isa = PBXGroup;
			children = (
				35FC20182378818F00E35CFD /* QuotesListViewController.swift */,
				35FC201A237881B000E35CFD /* QuotesListViewModel.swift */,
			);
			path = Quotes;
			sourceTree = "<group>";
		};
		35FC2027237928AB00E35CFD /* TronaldTests */ = {
			isa = PBXGroup;
			children = (
				35FC20302379298C00E35CFD /* Mocks */,
				35FC2028237928AB00E35CFD /* TronaldTests.swift */,
				35FC202A237928AB00E35CFD /* Info.plist */,
			);
			path = TronaldTests;
			sourceTree = "<group>";
		};
		35FC20302379298C00E35CFD /* Mocks */ = {
			isa = PBXGroup;
			children = (
				35FC203123792A6100E35CFD /* quotes.json */,
				35FC203223792A6100E35CFD /* tags.json */,
			);
			path = Mocks;
			sourceTree = "<group>";
		};
/* End PBXGroup section */

/* Begin PBXNativeTarget section */
		35025B862375345800A4A81E /* Tronald */ = {
			isa = PBXNativeTarget;
			buildConfigurationList = 35025BA62375345900A4A81E /* Build configuration list for PBXNativeTarget "Tronald" */;
			buildPhases = (
				35025B832375345800A4A81E /* Sources */,
				35025B842375345800A4A81E /* Frameworks */,
				35025B852375345800A4A81E /* Resources */,
			);
			buildRules = (
			);
			dependencies = (
			);
			name = Tronald;
			productName = Tronald;
			productReference = 35025B872375345800A4A81E /* Tronald.app */;
			productType = "com.apple.product-type.application";
		};
		35FC2025237928AB00E35CFD /* TronaldTests */ = {
			isa = PBXNativeTarget;
			buildConfigurationList = 35FC202D237928AB00E35CFD /* Build configuration list for PBXNativeTarget "TronaldTests" */;
			buildPhases = (
				35FC2022237928AB00E35CFD /* Sources */,
				35FC2023237928AB00E35CFD /* Frameworks */,
				35FC2024237928AB00E35CFD /* Resources */,
			);
			buildRules = (
			);
			dependencies = (
				35FC202C237928AB00E35CFD /* PBXTargetDependency */,
			);
			name = TronaldTests;
			productName = TronaldTests;
			productReference = 35FC2026237928AB00E35CFD /* TronaldTests.xctest */;
			productType = "com.apple.product-type.bundle.unit-test";
		};
/* End PBXNativeTarget section */

/* Begin PBXProject section */
		35025B7F2375345800A4A81E /* Project object */ = {
			isa = PBXProject;
			attributes = {
				LastSwiftUpdateCheck = 1110;
				LastUpgradeCheck = 1110;
				ORGANIZATIONNAME = none;
				TargetAttributes = {
					35025B862375345800A4A81E = {
						CreatedOnToolsVersion = 11.1;
					};
					35FC2025237928AB00E35CFD = {
						CreatedOnToolsVersion = 11.1;
						TestTargetID = 35025B862375345800A4A81E;
					};
				};
			};
			buildConfigurationList = 35025B822375345800A4A81E /* Build configuration list for PBXProject "Tronald" */;
			compatibilityVersion = "Xcode 9.3";
			developmentRegion = en;
			hasScannedForEncodings = 0;
			knownRegions = (
				en,
				Base,
			);
			mainGroup = 35025B7E2375345800A4A81E;
			productRefGroup = 35025B882375345800A4A81E /* Products */;
			projectDirPath = "";
			projectRoot = "";
			targets = (
				35025B862375345800A4A81E /* Tronald */,
				35FC2025237928AB00E35CFD /* TronaldTests */,
			);
		};
/* End PBXProject section */

/* Begin PBXResourcesBuildPhase section */
		35025B852375345800A4A81E /* Resources */ = {
			isa = PBXResourcesBuildPhase;
			buildActionMask = 2147483647;
			files = (
				35025B972375345900A4A81E /* LaunchScreen.storyboard in Resources */,
				35025B942375345900A4A81E /* Assets.xcassets in Resources */,
				35025B922375345800A4A81E /* Main.storyboard in Resources */,
			);
			runOnlyForDeploymentPostprocessing = 0;
		};
		35FC2024237928AB00E35CFD /* Resources */ = {
			isa = PBXResourcesBuildPhase;
			buildActionMask = 2147483647;
			files = (
				35FC203423792A6100E35CFD /* tags.json in Resources */,
				35FC203323792A6100E35CFD /* quotes.json in Resources */,
			);
			runOnlyForDeploymentPostprocessing = 0;
		};
/* End PBXResourcesBuildPhase section */

/* Begin PBXSourcesBuildPhase section */
		35025B832375345800A4A81E /* Sources */ = {
			isa = PBXSourcesBuildPhase;
			buildActionMask = 2147483647;
			files = (
				35025BCD237540BA00A4A81E /* NetworkManager.swift in Sources */,
				35025BC123753D8300A4A81E /* RandomMemeQuoteViewModel.swift in Sources */,
				35FC2036237963EB00E35CFD /* StringProtocolExtension.swift in Sources */,
				35025BB1237538D900A4A81E /* Observable.swift in Sources */,
				35025BB4237539B400A4A81E /* ApplicationDeps.swift in Sources */,
				35FC1FEF2376D0B100E35CFD /* ApplicationModelsState.swift in Sources */,
				35FC201423786A4700E35CFD /* TagsListViewModel.swift in Sources */,
				35FC201623786DAD00E35CFD /* TagTableViewCell.swift in Sources */,
				35025BDA237556A200A4A81E /* AppCoordinator.swift in Sources */,
				35025BAE2375368A00A4A81E /* CommonViewController.swift in Sources */,
				35025BCC237540BA00A4A81E /* NetworkServiceError.swift in Sources */,
				35025B8B2375345800A4A81E /* AppDelegate.swift in Sources */,
				35025BC323753D9200A4A81E /* RandomMemeQuoteViewController.swift in Sources */,
				35FC20072378221600E35CFD /* SearchQuoteViewModel.swift in Sources */,
				35FC201B237881B000E35CFD /* QuotesListViewModel.swift in Sources */,
				35025BCE237540BA00A4A81E /* NetworkService.swift in Sources */,
				35FC200B237847D400E35CFD /* SearchViewController.swift in Sources */,
				35025BD62375413100A4A81E /* SearchQuotesListModel.swift in Sources */,
				35025BD42375413100A4A81E /* TagsListModel.swift in Sources */,
				35025BD82375433300A4A81E /* WeakObjectCollection.swift in Sources */,
				35FC200E237853B000E35CFD /* QuoteTableViewCell.swift in Sources */,
				35FC201223786A2A00E35CFD /* TagsListViewController.swift in Sources */,
				35025BCF237540BA00A4A81E /* ApiRequest.swift in Sources */,
				35FC20192378818F00E35CFD /* QuotesListViewController.swift in Sources */,
				35025BD52375413100A4A81E /* QuotesListModel.swift in Sources */,
				35FC201D237924DF00E35CFD /* FindedQuoteTableViewCell.swift in Sources */,
			);
			runOnlyForDeploymentPostprocessing = 0;
		};
		35FC2022237928AB00E35CFD /* Sources */ = {
			isa = PBXSourcesBuildPhase;
			buildActionMask = 2147483647;
			files = (
				35FC2029237928AB00E35CFD /* TronaldTests.swift in Sources */,
			);
			runOnlyForDeploymentPostprocessing = 0;
		};
/* End PBXSourcesBuildPhase section */

/* Begin PBXTargetDependency section */
		35FC202C237928AB00E35CFD /* PBXTargetDependency */ = {
			isa = PBXTargetDependency;
			target = 35025B862375345800A4A81E /* Tronald */;
			targetProxy = 35FC202B237928AB00E35CFD /* PBXContainerItemProxy */;
		};
/* End PBXTargetDependency section */

/* Begin PBXVariantGroup section */
		35025B902375345800A4A81E /* Main.storyboard */ = {
			isa = PBXVariantGroup;
			children = (
				35025B912375345800A4A81E /* Base */,
			);
			name = Main.storyboard;
			sourceTree = "<group>";
		};
		35025B952375345900A4A81E /* LaunchScreen.storyboard */ = {
			isa = PBXVariantGroup;
			children = (
				35025B962375345900A4A81E /* Base */,
			);
			name = LaunchScreen.storyboard;
			sourceTree = "<group>";
		};
/* End PBXVariantGroup section */

/* Begin XCBuildConfiguration section */
		35025BA42375345900A4A81E /* Debug */ = {
			isa = XCBuildConfiguration;
			buildSettings = {
				ALWAYS_SEARCH_USER_PATHS = NO;
				CLANG_ANALYZER_NONNULL = YES;
				CLANG_ANALYZER_NUMBER_OBJECT_CONVERSION = YES_AGGRESSIVE;
				CLANG_CXX_LANGUAGE_STANDARD = "gnu++14";
				CLANG_CXX_LIBRARY = "libc++";
				CLANG_ENABLE_MODULES = YES;
				CLANG_ENABLE_OBJC_ARC = YES;
				CLANG_ENABLE_OBJC_WEAK = YES;
				CLANG_WARN_BLOCK_CAPTURE_AUTORELEASING = YES;
				CLANG_WARN_BOOL_CONVERSION = YES;
				CLANG_WARN_COMMA = YES;
				CLANG_WARN_CONSTANT_CONVERSION = YES;
				CLANG_WARN_DEPRECATED_OBJC_IMPLEMENTATIONS = YES;
				CLANG_WARN_DIRECT_OBJC_ISA_USAGE = YES_ERROR;
				CLANG_WARN_DOCUMENTATION_COMMENTS = YES;
				CLANG_WARN_EMPTY_BODY = YES;
				CLANG_WARN_ENUM_CONVERSION = YES;
				CLANG_WARN_INFINITE_RECURSION = YES;
				CLANG_WARN_INT_CONVERSION = YES;
				CLANG_WARN_NON_LITERAL_NULL_CONVERSION = YES;
				CLANG_WARN_OBJC_IMPLICIT_RETAIN_SELF = YES;
				CLANG_WARN_OBJC_LITERAL_CONVERSION = YES;
				CLANG_WARN_OBJC_ROOT_CLASS = YES_ERROR;
				CLANG_WARN_RANGE_LOOP_ANALYSIS = YES;
				CLANG_WARN_STRICT_PROTOTYPES = YES;
				CLANG_WARN_SUSPICIOUS_MOVE = YES;
				CLANG_WARN_UNGUARDED_AVAILABILITY = YES_AGGRESSIVE;
				CLANG_WARN_UNREACHABLE_CODE = YES;
				CLANG_WARN__DUPLICATE_METHOD_MATCH = YES;
				COPY_PHASE_STRIP = NO;
				DEBUG_INFORMATION_FORMAT = dwarf;
				ENABLE_STRICT_OBJC_MSGSEND = YES;
				ENABLE_TESTABILITY = YES;
				GCC_C_LANGUAGE_STANDARD = gnu11;
				GCC_DYNAMIC_NO_PIC = NO;
				GCC_NO_COMMON_BLOCKS = YES;
				GCC_OPTIMIZATION_LEVEL = 0;
				GCC_PREPROCESSOR_DEFINITIONS = (
					"DEBUG=1",
					"$(inherited)",
				);
				GCC_WARN_64_TO_32_BIT_CONVERSION = YES;
				GCC_WARN_ABOUT_RETURN_TYPE = YES_ERROR;
				GCC_WARN_UNDECLARED_SELECTOR = YES;
				GCC_WARN_UNINITIALIZED_AUTOS = YES_AGGRESSIVE;
				GCC_WARN_UNUSED_FUNCTION = YES;
				GCC_WARN_UNUSED_VARIABLE = YES;
				IPHONEOS_DEPLOYMENT_TARGET = 10.0;
				MTL_ENABLE_DEBUG_INFO = INCLUDE_SOURCE;
				MTL_FAST_MATH = YES;
				ONLY_ACTIVE_ARCH = YES;
				SDKROOT = iphoneos;
				SWIFT_ACTIVE_COMPILATION_CONDITIONS = DEBUG;
				SWIFT_OPTIMIZATION_LEVEL = "-Onone";
			};
			name = Debug;
		};
		35025BA52375345900A4A81E /* Release */ = {
			isa = XCBuildConfiguration;
			buildSettings = {
				ALWAYS_SEARCH_USER_PATHS = NO;
				CLANG_ANALYZER_NONNULL = YES;
				CLANG_ANALYZER_NUMBER_OBJECT_CONVERSION = YES_AGGRESSIVE;
				CLANG_CXX_LANGUAGE_STANDARD = "gnu++14";
				CLANG_CXX_LIBRARY = "libc++";
				CLANG_ENABLE_MODULES = YES;
				CLANG_ENABLE_OBJC_ARC = YES;
				CLANG_ENABLE_OBJC_WEAK = YES;
				CLANG_WARN_BLOCK_CAPTURE_AUTORELEASING = YES;
				CLANG_WARN_BOOL_CONVERSION = YES;
				CLANG_WARN_COMMA = YES;
				CLANG_WARN_CONSTANT_CONVERSION = YES;
				CLANG_WARN_DEPRECATED_OBJC_IMPLEMENTATIONS = YES;
				CLANG_WARN_DIRECT_OBJC_ISA_USAGE = YES_ERROR;
				CLANG_WARN_DOCUMENTATION_COMMENTS = YES;
				CLANG_WARN_EMPTY_BODY = YES;
				CLANG_WARN_ENUM_CONVERSION = YES;
				CLANG_WARN_INFINITE_RECURSION = YES;
				CLANG_WARN_INT_CONVERSION = YES;
				CLANG_WARN_NON_LITERAL_NULL_CONVERSION = YES;
				CLANG_WARN_OBJC_IMPLICIT_RETAIN_SELF = YES;
				CLANG_WARN_OBJC_LITERAL_CONVERSION = YES;
				CLANG_WARN_OBJC_ROOT_CLASS = YES_ERROR;
				CLANG_WARN_RANGE_LOOP_ANALYSIS = YES;
				CLANG_WARN_STRICT_PROTOTYPES = YES;
				CLANG_WARN_SUSPICIOUS_MOVE = YES;
				CLANG_WARN_UNGUARDED_AVAILABILITY = YES_AGGRESSIVE;
				CLANG_WARN_UNREACHABLE_CODE = YES;
				CLANG_WARN__DUPLICATE_METHOD_MATCH = YES;
				COPY_PHASE_STRIP = NO;
				DEBUG_INFORMATION_FORMAT = "dwarf-with-dsym";
				ENABLE_NS_ASSERTIONS = NO;
				ENABLE_STRICT_OBJC_MSGSEND = YES;
				GCC_C_LANGUAGE_STANDARD = gnu11;
				GCC_NO_COMMON_BLOCKS = YES;
				GCC_WARN_64_TO_32_BIT_CONVERSION = YES;
				GCC_WARN_ABOUT_RETURN_TYPE = YES_ERROR;
				GCC_WARN_UNDECLARED_SELECTOR = YES;
				GCC_WARN_UNINITIALIZED_AUTOS = YES_AGGRESSIVE;
				GCC_WARN_UNUSED_FUNCTION = YES;
				GCC_WARN_UNUSED_VARIABLE = YES;
				IPHONEOS_DEPLOYMENT_TARGET = 10.0;
				MTL_ENABLE_DEBUG_INFO = NO;
				MTL_FAST_MATH = YES;
				SDKROOT = iphoneos;
				SWIFT_COMPILATION_MODE = wholemodule;
				SWIFT_OPTIMIZATION_LEVEL = "-O";
				VALIDATE_PRODUCT = YES;
			};
			name = Release;
		};
		35025BA72375345900A4A81E /* Debug */ = {
			isa = XCBuildConfiguration;
			buildSettings = {
				ASSETCATALOG_COMPILER_APPICON_NAME = AppIcon;
				CODE_SIGN_STYLE = Automatic;
				DEVELOPMENT_TEAM = 23DXEZL7HL;
				INFOPLIST_FILE = Tronald/Info.plist;
				IPHONEOS_DEPLOYMENT_TARGET = 10.3;
				LD_RUNPATH_SEARCH_PATHS = (
					"$(inherited)",
					"@executable_path/Frameworks",
				);
				PRODUCT_BUNDLE_IDENTIFIER = Ivn.Tronald;
				PRODUCT_NAME = "$(TARGET_NAME)";
				SWIFT_VERSION = 5.0;
				TARGETED_DEVICE_FAMILY = 1;
			};
			name = Debug;
		};
		35025BA82375345900A4A81E /* Release */ = {
			isa = XCBuildConfiguration;
			buildSettings = {
				ASSETCATALOG_COMPILER_APPICON_NAME = AppIcon;
				CODE_SIGN_STYLE = Automatic;
				DEVELOPMENT_TEAM = 23DXEZL7HL;
				INFOPLIST_FILE = Tronald/Info.plist;
				IPHONEOS_DEPLOYMENT_TARGET = 10.3;
				LD_RUNPATH_SEARCH_PATHS = (
					"$(inherited)",
					"@executable_path/Frameworks",
				);
				PRODUCT_BUNDLE_IDENTIFIER = Ivn.Tronald;
				PRODUCT_NAME = "$(TARGET_NAME)";
				SWIFT_VERSION = 5.0;
				TARGETED_DEVICE_FAMILY = 1;
			};
			name = Release;
		};
		35FC202E237928AB00E35CFD /* Debug */ = {
			isa = XCBuildConfiguration;
			buildSettings = {
				BUNDLE_LOADER = "$(TEST_HOST)";
				CODE_SIGN_STYLE = Automatic;
				DEVELOPMENT_TEAM = 23DXEZL7HL;
				INFOPLIST_FILE = TronaldTests/Info.plist;
				IPHONEOS_DEPLOYMENT_TARGET = 13.1;
				LD_RUNPATH_SEARCH_PATHS = (
					"$(inherited)",
					"@executable_path/Frameworks",
					"@loader_path/Frameworks",
				);
				PRODUCT_BUNDLE_IDENTIFIER = Ivn.TronaldTests;
				PRODUCT_NAME = "$(TARGET_NAME)";
				SWIFT_VERSION = 5.0;
				TARGETED_DEVICE_FAMILY = "1,2";
				TEST_HOST = "$(BUILT_PRODUCTS_DIR)/Tronald.app/Tronald";
			};
			name = Debug;
		};
		35FC202F237928AB00E35CFD /* Release */ = {
			isa = XCBuildConfiguration;
			buildSettings = {
				BUNDLE_LOADER = "$(TEST_HOST)";
				CODE_SIGN_STYLE = Automatic;
				DEVELOPMENT_TEAM = 23DXEZL7HL;
				INFOPLIST_FILE = TronaldTests/Info.plist;
				IPHONEOS_DEPLOYMENT_TARGET = 13.1;
				LD_RUNPATH_SEARCH_PATHS = (
					"$(inherited)",
					"@executable_path/Frameworks",
					"@loader_path/Frameworks",
				);
				PRODUCT_BUNDLE_IDENTIFIER = Ivn.TronaldTests;
				PRODUCT_NAME = "$(TARGET_NAME)";
				SWIFT_VERSION = 5.0;
				TARGETED_DEVICE_FAMILY = "1,2";
				TEST_HOST = "$(BUILT_PRODUCTS_DIR)/Tronald.app/Tronald";
			};
			name = Release;
		};
/* End XCBuildConfiguration section */

/* Begin XCConfigurationList section */
		35025B822375345800A4A81E /* Build configuration list for PBXProject "Tronald" */ = {
			isa = XCConfigurationList;
			buildConfigurations = (
				35025BA42375345900A4A81E /* Debug */,
				35025BA52375345900A4A81E /* Release */,
			);
			defaultConfigurationIsVisible = 0;
			defaultConfigurationName = Release;
		};
		35025BA62375345900A4A81E /* Build configuration list for PBXNativeTarget "Tronald" */ = {
			isa = XCConfigurationList;
			buildConfigurations = (
				35025BA72375345900A4A81E /* Debug */,
				35025BA82375345900A4A81E /* Release */,
			);
			defaultConfigurationIsVisible = 0;
			defaultConfigurationName = Release;
		};
		35FC202D237928AB00E35CFD /* Build configuration list for PBXNativeTarget "TronaldTests" */ = {
			isa = XCConfigurationList;
			buildConfigurations = (
				35FC202E237928AB00E35CFD /* Debug */,
				35FC202F237928AB00E35CFD /* Release */,
			);
			defaultConfigurationIsVisible = 0;
			defaultConfigurationName = Release;
		};
/* End XCConfigurationList section */
	};
	rootObject = 35025B7F2375345800A4A81E /* Project object */;
}
